
Microsoft Visual Studio Solution File, Format Version 12.00
# Visual Studio 14
VisualStudioVersion = 14.0.25420.1
MinimumVisualStudioVersion = 10.0.40219.1
Project("{8BC9CEB8-8B4A-11D0-8D11-00A0C91BC942}") = "EPI_ch5", "EPI_ch5\EPI_ch5.vcxproj", "{3FA5C4A0-6636-48E6-9DFE-71BCD436C37F}"
EndProject
Project("{8BC9CEB8-8B4A-11D0-8D11-00A0C91BC942}") = "EPI_ch6", "EPI_ch6\ch6.vcxproj", "{D8103836-1C30-4268-BE9A-1E228977AC6E}"
EndProject
Project("{8BC9CEB8-8B4A-11D0-8D11-00A0C91BC942}") = "EPI_ch7", "EPI_ch7\ch7.vcxproj", "{F08CAA1B-A732-4B16-AA79-1CB7B61E7B58}"
EndProject
Project("{8BC9CEB8-8B4A-11D0-8D11-00A0C91BC942}") = "EPI_ch8", "EPI_ch8\ch8.vcxproj", "{1587C786-D705-4B2F-BE15-6AD458986170}"
EndProject
Project("{8BC9CEB8-8B4A-11D0-8D11-00A0C91BC942}") = "EPI_ch9", "EPI_ch9\EPI_ch9.vcxproj", "{AA25CE2C-3002-4F4F-A741-3155705A2259}"
EndProject
Project("{8BC9CEB8-8B4A-11D0-8D11-00A0C91BC942}") = "EPI_ch10", "EPI_ch10\EPI_ch10.vcxproj", "{C358A52B-4A38-4A50-B086-25325705D0D8}"
EndProject
Project("{8BC9CEB8-8B4A-11D0-8D11-00A0C91BC942}") = "EPI_ch11", "EPI_ch11\EPI_ch11.vcxproj", "{FEF86CAD-06B3-47AF-BE04-EFA7D7C6E8D2}"
EndProject
Global
	GlobalSection(SolutionConfigurationPlatforms) = preSolution
		Debug|x64 = Debug|x64
		Debug|x86 = Debug|x86
		Release|x64 = Release|x64
		Release|x86 = Release|x86
	EndGlobalSection
	GlobalSection(ProjectConfigurationPlatforms) = postSolution
		{3FA5C4A0-6636-48E6-9DFE-71BCD436C37F}.Debug|x64.ActiveCfg = Debug|x64
		{3FA5C4A0-6636-48E6-9DFE-71BCD436C37F}.Debug|x64.Build.0 = Debug|x64
		{3FA5C4A0-6636-48E6-9DFE-71BCD436C37F}.Debug|x86.ActiveCfg = Debug|Win32
		{3FA5C4A0-6636-48E6-9DFE-71BCD436C37F}.Debug|x86.Build.0 = Debug|Win32
		{3FA5C4A0-6636-48E6-9DFE-71BCD436C37F}.Release|x64.ActiveCfg = Release|x64
		{3FA5C4A0-6636-48E6-9DFE-71BCD436C37F}.Release|x64.Build.0 = Release|x64
		{3FA5C4A0-6636-48E6-9DFE-71BCD436C37F}.Release|x86.ActiveCfg = Release|Win32
		{3FA5C4A0-6636-48E6-9DFE-71BCD436C37F}.Release|x86.Build.0 = Release|Win32
		{D8103836-1C30-4268-BE9A-1E228977AC6E}.Debug|x64.ActiveCfg = Debug|x64
		{D8103836-1C30-4268-BE9A-1E228977AC6E}.Debug|x64.Build.0 = Debug|x64
		{D8103836-1C30-4268-BE9A-1E228977AC6E}.Debug|x86.ActiveCfg = Debug|Win32
		{D8103836-1C30-4268-BE9A-1E228977AC6E}.Debug|x86.Build.0 = Debug|Win32
		{D8103836-1C30-4268-BE9A-1E228977AC6E}.Release|x64.ActiveCfg = Release|x64
		{D8103836-1C30-4268-BE9A-1E228977AC6E}.Release|x64.Build.0 = Release|x64
		{D8103836-1C30-4268-BE9A-1E228977AC6E}.Release|x86.ActiveCfg = Release|Win32
		{D8103836-1C30-4268-BE9A-1E228977AC6E}.Release|x86.Build.0 = Release|Win32
		{F08CAA1B-A732-4B16-AA79-1CB7B61E7B58}.Debug|x64.ActiveCfg = Debug|x64
		{F08CAA1B-A732-4B16-AA79-1CB7B61E7B58}.Debug|x64.Build.0 = Debug|x64
		{F08CAA1B-A732-4B16-AA79-1CB7B61E7B58}.Debug|x86.ActiveCfg = Debug|Win32
		{F08CAA1B-A732-4B16-AA79-1CB7B61E7B58}.Debug|x86.Build.0 = Debug|Win32
		{F08CAA1B-A732-4B16-AA79-1CB7B61E7B58}.Release|x64.ActiveCfg = Release|x64
		{F08CAA1B-A732-4B16-AA79-1CB7B61E7B58}.Release|x64.Build.0 = Release|x64
		{F08CAA1B-A732-4B16-AA79-1CB7B61E7B58}.Release|x86.ActiveCfg = Release|Win32
		{F08CAA1B-A732-4B16-AA79-1CB7B61E7B58}.Release|x86.Build.0 = Release|Win32
		{1587C786-D705-4B2F-BE15-6AD458986170}.Debug|x64.ActiveCfg = Debug|x64
		{1587C786-D705-4B2F-BE15-6AD458986170}.Debug|x64.Build.0 = Debug|x64
		{1587C786-D705-4B2F-BE15-6AD458986170}.Debug|x86.ActiveCfg = Debug|Win32
		{1587C786-D705-4B2F-BE15-6AD458986170}.Debug|x86.Build.0 = Debug|Win32
		{1587C786-D705-4B2F-BE15-6AD458986170}.Release|x64.ActiveCfg = Release|x64
		{1587C786-D705-4B2F-BE15-6AD458986170}.Release|x64.Build.0 = Release|x64
		{1587C786-D705-4B2F-BE15-6AD458986170}.Release|x86.ActiveCfg = Release|Win32
		{1587C786-D705-4B2F-BE15-6AD458986170}.Release|x86.Build.0 = Release|Win32
		{AA25CE2C-3002-4F4F-A741-3155705A2259}.Debug|x64.ActiveCfg = Debug|x64
		{AA25CE2C-3002-4F4F-A741-3155705A2259}.Debug|x64.Build.0 = Debug|x64
		{AA25CE2C-3002-4F4F-A741-3155705A2259}.Debug|x86.ActiveCfg = Debug|Win32
		{AA25CE2C-3002-4F4F-A741-3155705A2259}.Debug|x86.Build.0 = Debug|Win32
		{AA25CE2C-3002-4F4F-A741-3155705A2259}.Release|x64.ActiveCfg = Release|x64
		{AA25CE2C-3002-4F4F-A741-3155705A2259}.Release|x64.Build.0 = Release|x64
		{AA25CE2C-3002-4F4F-A741-3155705A2259}.Release|x86.ActiveCfg = Release|Win32
		{AA25CE2C-3002-4F4F-A741-3155705A2259}.Release|x86.Build.0 = Release|Win32
		{C358A52B-4A38-4A50-B086-25325705D0D8}.Debug|x64.ActiveCfg = Debug|x64
		{C358A52B-4A38-4A50-B086-25325705D0D8}.Debug|x64.Build.0 = Debug|x64
		{C358A52B-4A38-4A50-B086-25325705D0D8}.Debug|x86.ActiveCfg = Debug|Win32
		{C358A52B-4A38-4A50-B086-25325705D0D8}.Debug|x86.Build.0 = Debug|Win32
		{C358A52B-4A38-4A50-B086-25325705D0D8}.Release|x64.ActiveCfg = Release|x64
		{C358A52B-4A38-4A50-B086-25325705D0D8}.Release|x64.Build.0 = Release|x64
		{C358A52B-4A38-4A50-B086-25325705D0D8}.Release|x86.ActiveCfg = Release|Win32
		{C358A52B-4A38-4A50-B086-25325705D0D8}.Release|x86.Build.0 = Release|Win32
		{FEF86CAD-06B3-47AF-BE04-EFA7D7C6E8D2}.Debug|x64.ActiveCfg = Debug|x64
		{FEF86CAD-06B3-47AF-BE04-EFA7D7C6E8D2}.Debug|x64.Build.0 = Debug|x64
		{FEF86CAD-06B3-47AF-BE04-EFA7D7C6E8D2}.Debug|x86.ActiveCfg = Debug|Win32
		{FEF86CAD-06B3-47AF-BE04-EFA7D7C6E8D2}.Debug|x86.Build.0 = Debug|Win32
		{FEF86CAD-06B3-47AF-BE04-EFA7D7C6E8D2}.Release|x64.ActiveCfg = Release|x64
		{FEF86CAD-06B3-47AF-BE04-EFA7D7C6E8D2}.Release|x64.Build.0 = Release|x64
		{FEF86CAD-06B3-47AF-BE04-EFA7D7C6E8D2}.Release|x86.ActiveCfg = Release|Win32
		{FEF86CAD-06B3-47AF-BE04-EFA7D7C6E8D2}.Release|x86.Build.0 = Release|Win32
	EndGlobalSection
	GlobalSection(SolutionProperties) = preSolution
		HideSolutionNode = FALSE
	EndGlobalSection
EndGlobal
